
Microsoft Visual Studio Solution File, Format Version 12.00
# Visual Studio Version 16
VisualStudioVersion = 16.0.30011.22
MinimumVisualStudioVersion = 10.0.40219.1
Project("{FAE04EC0-301F-11D3-BF4B-00C04F79EFBC}") = "Web_API", "Web_API\Web_API.csproj", "{81E84940-04D2-4FDC-826D-5940A4A27A22}"
EndProject
Global
	GlobalSection(SolutionConfigurationPlatforms) = preSolution
		Debug|Any CPU = Debug|Any CPU
		Release|Any CPU = Release|Any CPU
	EndGlobalSection
	GlobalSection(ProjectConfigurationPlatforms) = postSolution
		{81E84940-04D2-4FDC-826D-5940A4A27A22}.Debug|Any CPU.ActiveCfg = Debug|Any CPU
		{81E84940-04D2-4FDC-826D-5940A4A27A22}.Debug|Any CPU.Build.0 = Debug|Any CPU
		{81E84940-04D2-4FDC-826D-5940A4A27A22}.Release|Any CPU.ActiveCfg = Release|Any CPU
		{81E84940-04D2-4FDC-826D-5940A4A27A22}.Release|Any CPU.Build.0 = Release|Any CPU
	EndGlobalSection
	GlobalSection(SolutionProperties) = preSolution
		HideSolutionNode = FALSE
	EndGlobalSection
	GlobalSection(ExtensibilityGlobals) = postSolution
		SolutionGuid = {EB0C5C39-918A-425E-9A85-1A61C9EDB626}
	EndGlobalSection
EndGlobal
